
Microsoft Visual Studio Solution File, Format Version 12.00
# Visual Studio 15
VisualStudioVersion = 15.0.27428.2011
MinimumVisualStudioVersion = 10.0.40219.1
Project("{FAE04EC0-301F-11D3-BF4B-00C04F79EFBC}") = "BDOO", "BDOO\BDOO.csproj", "{781A9365-DA59-4F18-B834-BE6CA57B3C4B}"
EndProject
Global
	GlobalSection(SolutionConfigurationPlatforms) = preSolution
		Debug|Any CPU = Debug|Any CPU
		Release|Any CPU = Release|Any CPU
	EndGlobalSection
	GlobalSection(ProjectConfigurationPlatforms) = postSolution
		{781A9365-DA59-4F18-B834-BE6CA57B3C4B}.Debug|Any CPU.ActiveCfg = Debug|Any CPU
		{781A9365-DA59-4F18-B834-BE6CA57B3C4B}.Debug|Any CPU.Build.0 = Debug|Any CPU
		{781A9365-DA59-4F18-B834-BE6CA57B3C4B}.Release|Any CPU.ActiveCfg = Release|Any CPU
		{781A9365-DA59-4F18-B834-BE6CA57B3C4B}.Release|Any CPU.Build.0 = Release|Any CPU
	EndGlobalSection
	GlobalSection(SolutionProperties) = preSolution
		HideSolutionNode = FALSE
	EndGlobalSection
	GlobalSection(ExtensibilityGlobals) = postSolution
		SolutionGuid = {08F632A1-BDE7-4FF2-9A1D-119E2482F3FA}
	EndGlobalSection
EndGlobal
